
Microsoft Visual Studio Solution File, Format Version 12.00
# Visual Studio 15
VisualStudioVersion = 15.0.27130.2027
MinimumVisualStudioVersion = 10.0.40219.1
Project("{FAE04EC0-301F-11D3-BF4B-00C04F79EFBC}") = "App2.Android", "App2\App2.Android\App2.Android.csproj", "{E735AB2E-B15C-42D4-ACFE-33EBEA3BE6F1}"
EndProject
Project("{FAE04EC0-301F-11D3-BF4B-00C04F79EFBC}") = "App2", "App2\App2\App2.csproj", "{38CECEE6-6F72-446B-8F2F-8906B2892FF9}"
EndProject
Global
	GlobalSection(SolutionConfigurationPlatforms) = preSolution
		Debug|Any CPU = Debug|Any CPU
		Release|Any CPU = Release|Any CPU
	EndGlobalSection
	GlobalSection(ProjectConfigurationPlatforms) = postSolution
		{E735AB2E-B15C-42D4-ACFE-33EBEA3BE6F1}.Debug|Any CPU.ActiveCfg = Debug|Any CPU
		{E735AB2E-B15C-42D4-ACFE-33EBEA3BE6F1}.Debug|Any CPU.Build.0 = Debug|Any CPU
		{E735AB2E-B15C-42D4-ACFE-33EBEA3BE6F1}.Debug|Any CPU.Deploy.0 = Debug|Any CPU
		{E735AB2E-B15C-42D4-ACFE-33EBEA3BE6F1}.Release|Any CPU.ActiveCfg = Release|Any CPU
		{E735AB2E-B15C-42D4-ACFE-33EBEA3BE6F1}.Release|Any CPU.Build.0 = Release|Any CPU
		{E735AB2E-B15C-42D4-ACFE-33EBEA3BE6F1}.Release|Any CPU.Deploy.0 = Release|Any CPU
		{38CECEE6-6F72-446B-8F2F-8906B2892FF9}.Debug|Any CPU.ActiveCfg = Debug|Any CPU
		{38CECEE6-6F72-446B-8F2F-8906B2892FF9}.Debug|Any CPU.Build.0 = Debug|Any CPU
		{38CECEE6-6F72-446B-8F2F-8906B2892FF9}.Release|Any CPU.ActiveCfg = Release|Any CPU
		{38CECEE6-6F72-446B-8F2F-8906B2892FF9}.Release|Any CPU.Build.0 = Release|Any CPU
	EndGlobalSection
	GlobalSection(SolutionProperties) = preSolution
		HideSolutionNode = FALSE
	EndGlobalSection
	GlobalSection(ExtensibilityGlobals) = postSolution
		SolutionGuid = {ECB9670F-B359-4F2D-8A18-81DC642FD9C6}
	EndGlobalSection
EndGlobal
